{
  "name": "root",
  "lockfileVersion": 3,
  "requires": true,
  "packages": {
    "": {
      "name": "root",
      "workspaces": [
        "demo",
        "packages/*"
      ],
      "devDependencies": {
        "prettier": "^3.5.2",
        "prettier-plugin-astro": "^0.14.1"
      }
    },
    "node_modules/@astrojs/compiler": {
      "version": "2.10.4",
      "dev": true,
      "license": "MIT"
    },
    "node_modules/@codemint/astro-meta": {
      "resolved": "packages/astro-meta",
      "link": true
    },
    "node_modules/prettier": {
      "version": "3.5.2",
      "dev": true,
      "license": "MIT",
      "bin": {
        "prettier": "bin/prettier.cjs"
      },
      "engines": {
        "node": ">=14"
      },
      "funding": {
        "url": "https://github.com/prettier/prettier?sponsor=1"
      }
    },
    "node_modules/prettier-plugin-astro": {
      "version": "0.14.1",
      "dev": true,
      "license": "MIT",
      "dependencies": {
        "@astrojs/compiler": "^2.9.1",
        "prettier": "^3.0.0",
        "sass-formatter": "^0.7.6"
      },
      "engines": {
        "node": "^14.15.0 || >=16.0.0"
      }
    },
    "node_modules/s.color": {
      "version": "0.0.15",
      "dev": true,
      "license": "MIT"
    },
    "node_modules/sass-formatter": {
      "version": "0.7.9",
      "dev": true,
      "license": "MIT",
      "dependencies": {
        "suf-log": "^2.5.3"
      }
    },
    "node_modules/suf-log": {
      "version": "2.5.3",
      "dev": true,
      "license": "MIT",
      "dependencies": {
        "s.color": "0.0.15"
      }
    },
    "packages/astro-meta": {
      "name": "@codemint/astro-meta",
      "version": "1.0.0",
      "license": "MIT",
      "devDependencies": {}
    }
  }
}
